
Microsoft Visual Studio Solution File, Format Version 12.00
# Visual Studio 15
VisualStudioVersion = 15.0.27703.2026
MinimumVisualStudioVersion = 10.0.40219.1
Project("{FAE04EC0-301F-11D3-BF4B-00C04F79EFBC}") = "Testes", "Testes\Testes.csproj", "{BF94F6F4-D906-46D6-938C-496E64E7532D}"
EndProject
Project("{FAE04EC0-301F-11D3-BF4B-00C04F79EFBC}") = "Configuracao", "Configuracao\Configuracao.csproj", "{9483CB15-6B94-4E1A-9A3D-A9023F645786}"
EndProject
Project("{FAE04EC0-301F-11D3-BF4B-00C04F79EFBC}") = "Fila", "Fila\Fila.csproj", "{FBB74B19-2A3E-47E7-B8F3-AF6BC3728B4B}"
EndProject
Project("{FAE04EC0-301F-11D3-BF4B-00C04F79EFBC}") = "Logger", "Logger\Logger.csproj", "{172016BB-95F9-4651-9F00-8C6C16ADE9C5}"
EndProject
Project("{FAE04EC0-301F-11D3-BF4B-00C04F79EFBC}") = "Desktop", "Desktop\Desktop.csproj", "{68B7D5A1-4A98-4230-AE5F-7B31EA0E1B48}"
EndProject
Global
	GlobalSection(SolutionConfigurationPlatforms) = preSolution
		Debug|Any CPU = Debug|Any CPU
		Release|Any CPU = Release|Any CPU
	EndGlobalSection
	GlobalSection(ProjectConfigurationPlatforms) = postSolution
		{BF94F6F4-D906-46D6-938C-496E64E7532D}.Debug|Any CPU.ActiveCfg = Debug|Any CPU
		{BF94F6F4-D906-46D6-938C-496E64E7532D}.Debug|Any CPU.Build.0 = Debug|Any CPU
		{BF94F6F4-D906-46D6-938C-496E64E7532D}.Release|Any CPU.ActiveCfg = Release|Any CPU
		{BF94F6F4-D906-46D6-938C-496E64E7532D}.Release|Any CPU.Build.0 = Release|Any CPU
		{9483CB15-6B94-4E1A-9A3D-A9023F645786}.Debug|Any CPU.ActiveCfg = Debug|Any CPU
		{9483CB15-6B94-4E1A-9A3D-A9023F645786}.Debug|Any CPU.Build.0 = Debug|Any CPU
		{9483CB15-6B94-4E1A-9A3D-A9023F645786}.Release|Any CPU.ActiveCfg = Release|Any CPU
		{9483CB15-6B94-4E1A-9A3D-A9023F645786}.Release|Any CPU.Build.0 = Release|Any CPU
		{FBB74B19-2A3E-47E7-B8F3-AF6BC3728B4B}.Debug|Any CPU.ActiveCfg = Debug|Any CPU
		{FBB74B19-2A3E-47E7-B8F3-AF6BC3728B4B}.Debug|Any CPU.Build.0 = Debug|Any CPU
		{FBB74B19-2A3E-47E7-B8F3-AF6BC3728B4B}.Release|Any CPU.ActiveCfg = Release|Any CPU
		{FBB74B19-2A3E-47E7-B8F3-AF6BC3728B4B}.Release|Any CPU.Build.0 = Release|Any CPU
		{172016BB-95F9-4651-9F00-8C6C16ADE9C5}.Debug|Any CPU.ActiveCfg = Debug|Any CPU
		{172016BB-95F9-4651-9F00-8C6C16ADE9C5}.Debug|Any CPU.Build.0 = Debug|Any CPU
		{172016BB-95F9-4651-9F00-8C6C16ADE9C5}.Release|Any CPU.ActiveCfg = Release|Any CPU
		{172016BB-95F9-4651-9F00-8C6C16ADE9C5}.Release|Any CPU.Build.0 = Release|Any CPU
		{68B7D5A1-4A98-4230-AE5F-7B31EA0E1B48}.Debug|Any CPU.ActiveCfg = Debug|Any CPU
		{68B7D5A1-4A98-4230-AE5F-7B31EA0E1B48}.Debug|Any CPU.Build.0 = Debug|Any CPU
		{68B7D5A1-4A98-4230-AE5F-7B31EA0E1B48}.Release|Any CPU.ActiveCfg = Release|Any CPU
		{68B7D5A1-4A98-4230-AE5F-7B31EA0E1B48}.Release|Any CPU.Build.0 = Release|Any CPU
	EndGlobalSection
	GlobalSection(SolutionProperties) = preSolution
		HideSolutionNode = FALSE
	EndGlobalSection
	GlobalSection(ExtensibilityGlobals) = postSolution
		SolutionGuid = {FA27A81F-B248-4D9A-B664-50792B7B12C4}
	EndGlobalSection
EndGlobal
